PODS:
  - SwiftUIPager (1.9.2)
  - SwiftyJSON (4.3.0)

DEPENDENCIES:
  - SwiftUIPager
  - SwiftyJSON (~> 4.0)

SPEC REPOS:
  trunk:
    - SwiftUIPager
    - SwiftyJSON

SPEC CHECKSUMS:
  SwiftUIPager: 3addc6cfbde628c447424814574d411f40cc5360
  SwiftyJSON: 6faa0040f8b59dead0ee07436cbf76b73c08fd08

PODFILE CHECKSUM: c6f260656a479f6610d3bdfd9c7a7c5f12c5dead

COCOAPODS: 1.9.1
