// !$*UTF8*$!
{
	archiveVersion = 1;
	classes = {
	};
	objectVersion = 51;
	objects = {

/* Begin PBXBuildFile section */
		215B3E442468A55011281A96 /* Pods_Packing_PackingUITests.framework in Frameworks */ = {isa = PBXBuildFile; fileRef = 3D82EA07582BD858F0928357 /* Pods_Packing_PackingUITests.framework */; };
		89343BCE24D11873003AF780 /* RestrictionListCard.swift in Sources */ = {isa = PBXBuildFile; fileRef = 89343BCD24D11873003AF780 /* RestrictionListCard.swift */; };
		89343BD224D118A9003AF780 /* RestrictionView.swift in Sources */ = {isa = PBXBuildFile; fileRef = 89343BD124D118A9003AF780 /* RestrictionView.swift */; };
		89343BD824D11F7B003AF780 /* Restriction.swift in Sources */ = {isa = PBXBuildFile; fileRef = 89343BD724D11F7B003AF780 /* Restriction.swift */; };
		89343BDA24D12223003AF780 /* RestrictionDetail.swift in Sources */ = {isa = PBXBuildFile; fileRef = 89343BD924D12223003AF780 /* RestrictionDetail.swift */; };
		8938EAF924CF321300D8AFFC /* LuggageListCard.swift in Sources */ = {isa = PBXBuildFile; fileRef = 8938EAF824CF321300D8AFFC /* LuggageListCard.swift */; };
		8938EAFB24CF323100D8AFFC /* LuggageItemCell.swift in Sources */ = {isa = PBXBuildFile; fileRef = 8938EAFA24CF323100D8AFFC /* LuggageItemCell.swift */; };
		8938EAFE24CF324800D8AFFC /* LuggageView.swift in Sources */ = {isa = PBXBuildFile; fileRef = 8938EAFD24CF324800D8AFFC /* LuggageView.swift */; };
		8938EB0324CF341400D8AFFC /* Item.swift in Sources */ = {isa = PBXBuildFile; fileRef = 8938EB0224CF341400D8AFFC /* Item.swift */; };
		8938EB0524CF342800D8AFFC /* Luggage.swift in Sources */ = {isa = PBXBuildFile; fileRef = 8938EB0424CF342800D8AFFC /* Luggage.swift */; };
		8938EB0724CF343400D8AFFC /* Trip.swift in Sources */ = {isa = PBXBuildFile; fileRef = 8938EB0624CF343400D8AFFC /* Trip.swift */; };
		8943A63324D411DE0011F7D1 /* HomePopup.swift in Sources */ = {isa = PBXBuildFile; fileRef = 8943A63224D411DE0011F7D1 /* HomePopup.swift */; };
		895094DB24CFC1B20034CAA7 /* CustomSegmentedPicker.swift in Sources */ = {isa = PBXBuildFile; fileRef = 895094DA24CFC1B20034CAA7 /* CustomSegmentedPicker.swift */; };
		895094EE24CFC2100034CAA7 /* Poppins-Black.ttf in Resources */ = {isa = PBXBuildFile; fileRef = 895094DC24CFC20F0034CAA7 /* Poppins-Black.ttf */; };
		895094EF24CFC2100034CAA7 /* Poppins-BlackItalic.ttf in Resources */ = {isa = PBXBuildFile; fileRef = 895094DD24CFC20F0034CAA7 /* Poppins-BlackItalic.ttf */; };
		895094F024CFC2100034CAA7 /* Poppins-ExtraLight.ttf in Resources */ = {isa = PBXBuildFile; fileRef = 895094DE24CFC20F0034CAA7 /* Poppins-ExtraLight.ttf */; };
		895094F124CFC2100034CAA7 /* Poppins-ThinItalic.ttf in Resources */ = {isa = PBXBuildFile; fileRef = 895094DF24CFC20F0034CAA7 /* Poppins-ThinItalic.ttf */; };
		895094F224CFC2100034CAA7 /* Poppins-ExtraBold.ttf in Resources */ = {isa = PBXBuildFile; fileRef = 895094E024CFC20F0034CAA7 /* Poppins-ExtraBold.ttf */; };
		895094F324CFC2100034CAA7 /* Poppins-ExtraBoldItalic.ttf in Resources */ = {isa = PBXBuildFile; fileRef = 895094E124CFC2100034CAA7 /* Poppins-ExtraBoldItalic.ttf */; };
		895094F424CFC2100034CAA7 /* Poppins-Light.ttf in Resources */ = {isa = PBXBuildFile; fileRef = 895094E224CFC2100034CAA7 /* Poppins-Light.ttf */; };
		895094F524CFC2100034CAA7 /* Poppins-SemiBold.ttf in Resources */ = {isa = PBXBuildFile; fileRef = 895094E324CFC2100034CAA7 /* Poppins-SemiBold.ttf */; };
		895094F624CFC2100034CAA7 /* Poppins-LightItalic.ttf in Resources */ = {isa = PBXBuildFile; fileRef = 895094E424CFC2100034CAA7 /* Poppins-LightItalic.ttf */; };
		895094F724CFC2100034CAA7 /* Poppins-Italic.ttf in Resources */ = {isa = PBXBuildFile; fileRef = 895094E524CFC2100034CAA7 /* Poppins-Italic.ttf */; };
		895094F824CFC2100034CAA7 /* Poppins-MediumItalic.ttf in Resources */ = {isa = PBXBuildFile; fileRef = 895094E624CFC2100034CAA7 /* Poppins-MediumItalic.ttf */; };
		895094F924CFC2100034CAA7 /* Poppins-Regular.ttf in Resources */ = {isa = PBXBuildFile; fileRef = 895094E724CFC2100034CAA7 /* Poppins-Regular.ttf */; };
		895094FA24CFC2100034CAA7 /* Poppins-SemiBoldItalic.ttf in Resources */ = {isa = PBXBuildFile; fileRef = 895094E824CFC2100034CAA7 /* Poppins-SemiBoldItalic.ttf */; };
		895094FB24CFC2100034CAA7 /* Poppins-Thin.ttf in Resources */ = {isa = PBXBuildFile; fileRef = 895094E924CFC2100034CAA7 /* Poppins-Thin.ttf */; };
		895094FC24CFC2100034CAA7 /* Poppins-Medium.ttf in Resources */ = {isa = PBXBuildFile; fileRef = 895094EA24CFC2100034CAA7 /* Poppins-Medium.ttf */; };
		895094FD24CFC2100034CAA7 /* Poppins-ExtraLightItalic.ttf in Resources */ = {isa = PBXBuildFile; fileRef = 895094EB24CFC2100034CAA7 /* Poppins-ExtraLightItalic.ttf */; };
		895094FE24CFC2100034CAA7 /* Poppins-Bold.ttf in Resources */ = {isa = PBXBuildFile; fileRef = 895094EC24CFC2100034CAA7 /* Poppins-Bold.ttf */; };
		895094FF24CFC2100034CAA7 /* Poppins-BoldItalic.ttf in Resources */ = {isa = PBXBuildFile; fileRef = 895094ED24CFC2100034CAA7 /* Poppins-BoldItalic.ttf */; };
		8950950524CFF1AF0034CAA7 /* ContentView.swift in Sources */ = {isa = PBXBuildFile; fileRef = 8950950424CFF1AF0034CAA7 /* ContentView.swift */; };
		897AB15E24D26E1100B308C9 /* Packing.xcdatamodeld in Sources */ = {isa = PBXBuildFile; fileRef = 897AB15C24D26E1100B308C9 /* Packing.xcdatamodeld */; };
		897AB16024D26E4000B308C9 /* InputBookingNumberPage.swift in Sources */ = {isa = PBXBuildFile; fileRef = 897AB15F24D26E4000B308C9 /* InputBookingNumberPage.swift */; };
		897AB16224D26E4E00B308C9 /* SelectGenderPage.swift in Sources */ = {isa = PBXBuildFile; fileRef = 897AB16124D26E4E00B308C9 /* SelectGenderPage.swift */; };
		897AB16424D26E5B00B308C9 /* ActivityPage.swift in Sources */ = {isa = PBXBuildFile; fileRef = 897AB16324D26E5B00B308C9 /* ActivityPage.swift */; };
		897AB16624D26E6800B308C9 /* SelectLuggagePage.swift in Sources */ = {isa = PBXBuildFile; fileRef = 897AB16524D26E6800B308C9 /* SelectLuggagePage.swift */; };
		89A7BF0A24C839F5008734ED /* UIColor+Extensions.swift in Sources */ = {isa = PBXBuildFile; fileRef = 89A7BF0924C839F5008734ED /* UIColor+Extensions.swift */; };
		89A7BF0D24C83A18008734ED /* WeatherModel.swift in Sources */ = {isa = PBXBuildFile; fileRef = 89A7BF0C24C83A18008734ED /* WeatherModel.swift */; };
		89A7BF0F24C83A25008734ED /* WeatherData.swift in Sources */ = {isa = PBXBuildFile; fileRef = 89A7BF0E24C83A25008734ED /* WeatherData.swift */; };
		89A7BF1124C83A30008734ED /* NetworkManager.swift in Sources */ = {isa = PBXBuildFile; fileRef = 89A7BF1024C83A30008734ED /* NetworkManager.swift */; };
		89A7BF1324C83A5F008734ED /* WeatherCard.swift in Sources */ = {isa = PBXBuildFile; fileRef = 89A7BF1224C83A5F008734ED /* WeatherCard.swift */; };
		89A7BF1524C83A78008734ED /* WeatherScrollView.swift in Sources */ = {isa = PBXBuildFile; fileRef = 89A7BF1424C83A78008734ED /* WeatherScrollView.swift */; };
		89B413A324D5619600B5189E /* KeyboardResponder.swift in Sources */ = {isa = PBXBuildFile; fileRef = 89B413A224D5619600B5189E /* KeyboardResponder.swift */; };
		89C5E8A724D50C29007172EF /* BlurView.swift in Sources */ = {isa = PBXBuildFile; fileRef = 89C5E8A624D50C29007172EF /* BlurView.swift */; };
		89E29F1224D2F0A1001BB7FB /* DateFormatter.swift in Sources */ = {isa = PBXBuildFile; fileRef = 89E29F1124D2F0A1001BB7FB /* DateFormatter.swift */; };
		89E29F1524D2F10B001BB7FB /* HomeCard.swift in Sources */ = {isa = PBXBuildFile; fileRef = 89E29F1424D2F10B001BB7FB /* HomeCard.swift */; };
		89E29F1724D2F116001BB7FB /* HomeView.swift in Sources */ = {isa = PBXBuildFile; fileRef = 89E29F1624D2F116001BB7FB /* HomeView.swift */; };
		89EE4D2224D12E760097AE33 /* RestrictionItemCard.swift in Sources */ = {isa = PBXBuildFile; fileRef = 89EE4D2124D12E760097AE33 /* RestrictionItemCard.swift */; };
		CB07B442DAF0F4CEEFF62324 /* Pods_Packing.framework in Frameworks */ = {isa = PBXBuildFile; fileRef = D0D6FEACBCD90E97265732CE /* Pods_Packing.framework */; };
		FE32F8A5675B22FDE6780D50 /* Pods_PackingTests.framework in Frameworks */ = {isa = PBXBuildFile; fileRef = ECF64CFEAEF01DBCDDA86BCA /* Pods_PackingTests.framework */; };
		FE3FD50124CE73EE000CCA69 /* ApiManager.swift in Sources */ = {isa = PBXBuildFile; fileRef = FE3FD50024CE73ED000CCA69 /* ApiManager.swift */; };
		FECAA3AB24B3944C004B85AD /* AppDelegate.swift in Sources */ = {isa = PBXBuildFile; fileRef = FECAA3AA24B3944C004B85AD /* AppDelegate.swift */; };
		FECAA3AD24B3944C004B85AD /* SceneDelegate.swift in Sources */ = {isa = PBXBuildFile; fileRef = FECAA3AC24B3944C004B85AD /* SceneDelegate.swift */; };
		FECAA3B724B3944F004B85AD /* Assets.xcassets in Resources */ = {isa = PBXBuildFile; fileRef = FECAA3B624B3944F004B85AD /* Assets.xcassets */; };
		FECAA3BA24B3944F004B85AD /* LaunchScreen.storyboard in Resources */ = {isa = PBXBuildFile; fileRef = FECAA3B824B3944F004B85AD /* LaunchScreen.storyboard */; };
		FECAA3C524B39450004B85AD /* PackingTests.swift in Sources */ = {isa = PBXBuildFile; fileRef = FECAA3C424B39450004B85AD /* PackingTests.swift */; };
		FECAA3D024B39450004B85AD /* PackingUITests.swift in Sources */ = {isa = PBXBuildFile; fileRef = FECAA3CF24B39450004B85AD /* PackingUITests.swift */; };
/* End PBXBuildFile section */

/* Begin PBXContainerItemProxy section */
		FECAA3C124B39450004B85AD /* PBXContainerItemProxy */ = {
			isa = PBXContainerItemProxy;
			containerPortal = FECAA39F24B3944C004B85AD /* Project object */;
			proxyType = 1;
			remoteGlobalIDString = FECAA3A624B3944C004B85AD;
			remoteInfo = Packing;
		};
		FECAA3CC24B39450004B85AD /* PBXContainerItemProxy */ = {
			isa = PBXContainerItemProxy;
			containerPortal = FECAA39F24B3944C004B85AD /* Project object */;
			proxyType = 1;
			remoteGlobalIDString = FECAA3A624B3944C004B85AD;
			remoteInfo = Packing;
		};
/* End PBXContainerItemProxy section */

/* Begin PBXFileReference section */
		2874565E1E70706AC1FF1BC8 /* Pods-PackingTests.release.xcconfig */ = {isa = PBXFileReference; includeInIndex = 1; lastKnownFileType = text.xcconfig; name = "Pods-PackingTests.release.xcconfig"; path = "Target Support Files/Pods-PackingTests/Pods-PackingTests.release.xcconfig"; sourceTree = "<group>"; };
		3D82EA07582BD858F0928357 /* Pods_Packing_PackingUITests.framework */ = {isa = PBXFileReference; explicitFileType = wrapper.framework; includeInIndex = 0; path = Pods_Packing_PackingUITests.framework; sourceTree = BUILT_PRODUCTS_DIR; };
		51F69F90074F29B92F477282 /* Pods-Packing.release.xcconfig */ = {isa = PBXFileReference; includeInIndex = 1; lastKnownFileType = text.xcconfig; name = "Pods-Packing.release.xcconfig"; path = "Target Support Files/Pods-Packing/Pods-Packing.release.xcconfig"; sourceTree = "<group>"; };
		7E3B852D586247CF7D9A4850 /* Pods-Packing-PackingUITests.debug.xcconfig */ = {isa = PBXFileReference; includeInIndex = 1; lastKnownFileType = text.xcconfig; name = "Pods-Packing-PackingUITests.debug.xcconfig"; path = "Target Support Files/Pods-Packing-PackingUITests/Pods-Packing-PackingUITests.debug.xcconfig"; sourceTree = "<group>"; };
		89343BCD24D11873003AF780 /* RestrictionListCard.swift */ = {isa = PBXFileReference; lastKnownFileType = sourcecode.swift; path = RestrictionListCard.swift; sourceTree = "<group>"; };
		89343BD124D118A9003AF780 /* RestrictionView.swift */ = {isa = PBXFileReference; lastKnownFileType = sourcecode.swift; path = RestrictionView.swift; sourceTree = "<group>"; };
		89343BD724D11F7B003AF780 /* Restriction.swift */ = {isa = PBXFileReference; lastKnownFileType = sourcecode.swift; path = Restriction.swift; sourceTree = "<group>"; };
		89343BD924D12223003AF780 /* RestrictionDetail.swift */ = {isa = PBXFileReference; lastKnownFileType = sourcecode.swift; path = RestrictionDetail.swift; sourceTree = "<group>"; };
		8938EAF824CF321300D8AFFC /* LuggageListCard.swift */ = {isa = PBXFileReference; lastKnownFileType = sourcecode.swift; path = LuggageListCard.swift; sourceTree = "<group>"; };
		8938EAFA24CF323100D8AFFC /* LuggageItemCell.swift */ = {isa = PBXFileReference; lastKnownFileType = sourcecode.swift; path = LuggageItemCell.swift; sourceTree = "<group>"; };
		8938EAFD24CF324800D8AFFC /* LuggageView.swift */ = {isa = PBXFileReference; lastKnownFileType = sourcecode.swift; path = LuggageView.swift; sourceTree = "<group>"; };
		8938EB0224CF341400D8AFFC /* Item.swift */ = {isa = PBXFileReference; lastKnownFileType = sourcecode.swift; path = Item.swift; sourceTree = "<group>"; };
		8938EB0424CF342800D8AFFC /* Luggage.swift */ = {isa = PBXFileReference; lastKnownFileType = sourcecode.swift; path = Luggage.swift; sourceTree = "<group>"; };
		8938EB0624CF343400D8AFFC /* Trip.swift */ = {isa = PBXFileReference; lastKnownFileType = sourcecode.swift; path = Trip.swift; sourceTree = "<group>"; };
		8943A63224D411DE0011F7D1 /* HomePopup.swift */ = {isa = PBXFileReference; lastKnownFileType = sourcecode.swift; path = HomePopup.swift; sourceTree = "<group>"; };
		895094DA24CFC1B20034CAA7 /* CustomSegmentedPicker.swift */ = {isa = PBXFileReference; lastKnownFileType = sourcecode.swift; path = CustomSegmentedPicker.swift; sourceTree = "<group>"; };
		895094DC24CFC20F0034CAA7 /* Poppins-Black.ttf */ = {isa = PBXFileReference; lastKnownFileType = file; path = "Poppins-Black.ttf"; sourceTree = "<group>"; };
		895094DD24CFC20F0034CAA7 /* Poppins-BlackItalic.ttf */ = {isa = PBXFileReference; lastKnownFileType = file; path = "Poppins-BlackItalic.ttf"; sourceTree = "<group>"; };
		895094DE24CFC20F0034CAA7 /* Poppins-ExtraLight.ttf */ = {isa = PBXFileReference; lastKnownFileType = file; path = "Poppins-ExtraLight.ttf"; sourceTree = "<group>"; };
		895094DF24CFC20F0034CAA7 /* Poppins-ThinItalic.ttf */ = {isa = PBXFileReference; lastKnownFileType = file; path = "Poppins-ThinItalic.ttf"; sourceTree = "<group>"; };
		895094E024CFC20F0034CAA7 /* Poppins-ExtraBold.ttf */ = {isa = PBXFileReference; lastKnownFileType = file; path = "Poppins-ExtraBold.ttf"; sourceTree = "<group>"; };
		895094E124CFC2100034CAA7 /* Poppins-ExtraBoldItalic.ttf */ = {isa = PBXFileReference; lastKnownFileType = file; path = "Poppins-ExtraBoldItalic.ttf"; sourceTree = "<group>"; };
		895094E224CFC2100034CAA7 /* Poppins-Light.ttf */ = {isa = PBXFileReference; lastKnownFileType = file; path = "Poppins-Light.ttf"; sourceTree = "<group>"; };
		895094E324CFC2100034CAA7 /* Poppins-SemiBold.ttf */ = {isa = PBXFileReference; lastKnownFileType = file; path = "Poppins-SemiBold.ttf"; sourceTree = "<group>"; };
		895094E424CFC2100034CAA7 /* Poppins-LightItalic.ttf */ = {isa = PBXFileReference; lastKnownFileType = file; path = "Poppins-LightItalic.ttf"; sourceTree = "<group>"; };
		895094E524CFC2100034CAA7 /* Poppins-Italic.ttf */ = {isa = PBXFileReference; lastKnownFileType = file; path = "Poppins-Italic.ttf"; sourceTree = "<group>"; };
		895094E624CFC2100034CAA7 /* Poppins-MediumItalic.ttf */ = {isa = PBXFileReference; lastKnownFileType = file; path = "Poppins-MediumItalic.ttf"; sourceTree = "<group>"; };
		895094E724CFC2100034CAA7 /* Poppins-Regular.ttf */ = {isa = PBXFileReference; lastKnownFileType = file; path = "Poppins-Regular.ttf"; sourceTree = "<group>"; };
		895094E824CFC2100034CAA7 /* Poppins-SemiBoldItalic.ttf */ = {isa = PBXFileReference; lastKnownFileType = file; path = "Poppins-SemiBoldItalic.ttf"; sourceTree = "<group>"; };
		895094E924CFC2100034CAA7 /* Poppins-Thin.ttf */ = {isa = PBXFileReference; lastKnownFileType = file; path = "Poppins-Thin.ttf"; sourceTree = "<group>"; };
		895094EA24CFC2100034CAA7 /* Poppins-Medium.ttf */ = {isa = PBXFileReference; lastKnownFileType = file; path = "Poppins-Medium.ttf"; sourceTree = "<group>"; };
		895094EB24CFC2100034CAA7 /* Poppins-ExtraLightItalic.ttf */ = {isa = PBXFileReference; lastKnownFileType = file; path = "Poppins-ExtraLightItalic.ttf"; sourceTree = "<group>"; };
		895094EC24CFC2100034CAA7 /* Poppins-Bold.ttf */ = {isa = PBXFileReference; lastKnownFileType = file; path = "Poppins-Bold.ttf"; sourceTree = "<group>"; };
		895094ED24CFC2100034CAA7 /* Poppins-BoldItalic.ttf */ = {isa = PBXFileReference; lastKnownFileType = file; path = "Poppins-BoldItalic.ttf"; sourceTree = "<group>"; };
		8950950424CFF1AF0034CAA7 /* ContentView.swift */ = {isa = PBXFileReference; lastKnownFileType = sourcecode.swift; path = ContentView.swift; sourceTree = "<group>"; };
		897AB15D24D26E1100B308C9 /* Packing.xcdatamodel */ = {isa = PBXFileReference; lastKnownFileType = wrapper.xcdatamodel; path = Packing.xcdatamodel; sourceTree = "<group>"; };
		897AB15F24D26E4000B308C9 /* InputBookingNumberPage.swift */ = {isa = PBXFileReference; lastKnownFileType = sourcecode.swift; path = InputBookingNumberPage.swift; sourceTree = "<group>"; };
		897AB16124D26E4E00B308C9 /* SelectGenderPage.swift */ = {isa = PBXFileReference; lastKnownFileType = sourcecode.swift; path = SelectGenderPage.swift; sourceTree = "<group>"; };
		897AB16324D26E5B00B308C9 /* ActivityPage.swift */ = {isa = PBXFileReference; lastKnownFileType = sourcecode.swift; path = ActivityPage.swift; sourceTree = "<group>"; };
		897AB16524D26E6800B308C9 /* SelectLuggagePage.swift */ = {isa = PBXFileReference; lastKnownFileType = sourcecode.swift; path = SelectLuggagePage.swift; sourceTree = "<group>"; };
		89A7BF0924C839F5008734ED /* UIColor+Extensions.swift */ = {isa = PBXFileReference; lastKnownFileType = sourcecode.swift; path = "UIColor+Extensions.swift"; sourceTree = "<group>"; };
		89A7BF0C24C83A18008734ED /* WeatherModel.swift */ = {isa = PBXFileReference; lastKnownFileType = sourcecode.swift; path = WeatherModel.swift; sourceTree = "<group>"; };
		89A7BF0E24C83A25008734ED /* WeatherData.swift */ = {isa = PBXFileReference; lastKnownFileType = sourcecode.swift; path = WeatherData.swift; sourceTree = "<group>"; };
		89A7BF1024C83A30008734ED /* NetworkManager.swift */ = {isa = PBXFileReference; lastKnownFileType = sourcecode.swift; path = NetworkManager.swift; sourceTree = "<group>"; };
		89A7BF1224C83A5F008734ED /* WeatherCard.swift */ = {isa = PBXFileReference; lastKnownFileType = sourcecode.swift; path = WeatherCard.swift; sourceTree = "<group>"; };
		89A7BF1424C83A78008734ED /* WeatherScrollView.swift */ = {isa = PBXFileReference; lastKnownFileType = sourcecode.swift; path = WeatherScrollView.swift; sourceTree = "<group>"; };
		89B413A224D5619600B5189E /* KeyboardResponder.swift */ = {isa = PBXFileReference; lastKnownFileType = sourcecode.swift; path = KeyboardResponder.swift; sourceTree = "<group>"; };
		89C5E8A624D50C29007172EF /* BlurView.swift */ = {isa = PBXFileReference; lastKnownFileType = sourcecode.swift; path = BlurView.swift; sourceTree = "<group>"; };
		89E29F1124D2F0A1001BB7FB /* DateFormatter.swift */ = {isa = PBXFileReference; lastKnownFileType = sourcecode.swift; path = DateFormatter.swift; sourceTree = "<group>"; };
		89E29F1424D2F10B001BB7FB /* HomeCard.swift */ = {isa = PBXFileReference; lastKnownFileType = sourcecode.swift; path = HomeCard.swift; sourceTree = "<group>"; };
		89E29F1624D2F116001BB7FB /* HomeView.swift */ = {isa = PBXFileReference; lastKnownFileType = sourcecode.swift; path = HomeView.swift; sourceTree = "<group>"; };
		89EE4D2124D12E760097AE33 /* RestrictionItemCard.swift */ = {isa = PBXFileReference; lastKnownFileType = sourcecode.swift; path = RestrictionItemCard.swift; sourceTree = "<group>"; };
		C0E0E2A3D31FD8B3865D0987 /* Pods-Packing.debug.xcconfig */ = {isa = PBXFileReference; includeInIndex = 1; lastKnownFileType = text.xcconfig; name = "Pods-Packing.debug.xcconfig"; path = "Target Support Files/Pods-Packing/Pods-Packing.debug.xcconfig"; sourceTree = "<group>"; };
		D0D6FEACBCD90E97265732CE /* Pods_Packing.framework */ = {isa = PBXFileReference; explicitFileType = wrapper.framework; includeInIndex = 0; path = Pods_Packing.framework; sourceTree = BUILT_PRODUCTS_DIR; };
		DAAF65B3349A8770CCDB3C25 /* Pods-Packing-PackingUITests.release.xcconfig */ = {isa = PBXFileReference; includeInIndex = 1; lastKnownFileType = text.xcconfig; name = "Pods-Packing-PackingUITests.release.xcconfig"; path = "Target Support Files/Pods-Packing-PackingUITests/Pods-Packing-PackingUITests.release.xcconfig"; sourceTree = "<group>"; };
		ECF64CFEAEF01DBCDDA86BCA /* Pods_PackingTests.framework */ = {isa = PBXFileReference; explicitFileType = wrapper.framework; includeInIndex = 0; path = Pods_PackingTests.framework; sourceTree = BUILT_PRODUCTS_DIR; };
		FE3FD50024CE73ED000CCA69 /* ApiManager.swift */ = {isa = PBXFileReference; lastKnownFileType = sourcecode.swift; path = ApiManager.swift; sourceTree = "<group>"; };
		FEAD3DF0A1C4E5B1D7202791 /* Pods-PackingTests.debug.xcconfig */ = {isa = PBXFileReference; includeInIndex = 1; lastKnownFileType = text.xcconfig; name = "Pods-PackingTests.debug.xcconfig"; path = "Target Support Files/Pods-PackingTests/Pods-PackingTests.debug.xcconfig"; sourceTree = "<group>"; };
		FECAA3A724B3944C004B85AD /* Packing.app */ = {isa = PBXFileReference; explicitFileType = wrapper.application; includeInIndex = 0; path = Packing.app; sourceTree = BUILT_PRODUCTS_DIR; };
		FECAA3AA24B3944C004B85AD /* AppDelegate.swift */ = {isa = PBXFileReference; lastKnownFileType = sourcecode.swift; path = AppDelegate.swift; sourceTree = "<group>"; };
		FECAA3AC24B3944C004B85AD /* SceneDelegate.swift */ = {isa = PBXFileReference; lastKnownFileType = sourcecode.swift; path = SceneDelegate.swift; sourceTree = "<group>"; };
		FECAA3B624B3944F004B85AD /* Assets.xcassets */ = {isa = PBXFileReference; lastKnownFileType = folder.assetcatalog; path = Assets.xcassets; sourceTree = "<group>"; };
		FECAA3B924B3944F004B85AD /* Base */ = {isa = PBXFileReference; lastKnownFileType = file.storyboard; name = Base; path = Base.lproj/LaunchScreen.storyboard; sourceTree = "<group>"; };
		FECAA3BB24B3944F004B85AD /* Info.plist */ = {isa = PBXFileReference; lastKnownFileType = text.plist.xml; path = Info.plist; sourceTree = "<group>"; };
		FECAA3C024B39450004B85AD /* PackingTests.xctest */ = {isa = PBXFileReference; explicitFileType = wrapper.cfbundle; includeInIndex = 0; path = PackingTests.xctest; sourceTree = BUILT_PRODUCTS_DIR; };
		FECAA3C424B39450004B85AD /* PackingTests.swift */ = {isa = PBXFileReference; lastKnownFileType = sourcecode.swift; path = PackingTests.swift; sourceTree = "<group>"; };
		FECAA3C624B39450004B85AD /* Info.plist */ = {isa = PBXFileReference; lastKnownFileType = text.plist.xml; path = Info.plist; sourceTree = "<group>"; };
		FECAA3CB24B39450004B85AD /* PackingUITests.xctest */ = {isa = PBXFileReference; explicitFileType = wrapper.cfbundle; includeInIndex = 0; path = PackingUITests.xctest; sourceTree = BUILT_PRODUCTS_DIR; };
		FECAA3CF24B39450004B85AD /* PackingUITests.swift */ = {isa = PBXFileReference; lastKnownFileType = sourcecode.swift; path = PackingUITests.swift; sourceTree = "<group>"; };
		FECAA3D124B39450004B85AD /* Info.plist */ = {isa = PBXFileReference; lastKnownFileType = text.plist.xml; path = Info.plist; sourceTree = "<group>"; };
/* End PBXFileReference section */

/* Begin PBXFrameworksBuildPhase section */
		FECAA3A424B3944C004B85AD /* Frameworks */ = {
			isa = PBXFrameworksBuildPhase;
			buildActionMask = 2147483647;
			files = (
				CB07B442DAF0F4CEEFF62324 /* Pods_Packing.framework in Frameworks */,
			);
			runOnlyForDeploymentPostprocessing = 0;
		};
		FECAA3BD24B39450004B85AD /* Frameworks */ = {
			isa = PBXFrameworksBuildPhase;
			buildActionMask = 2147483647;
			files = (
				FE32F8A5675B22FDE6780D50 /* Pods_PackingTests.framework in Frameworks */,
			);
			runOnlyForDeploymentPostprocessing = 0;
		};
		FECAA3C824B39450004B85AD /* Frameworks */ = {
			isa = PBXFrameworksBuildPhase;
			buildActionMask = 2147483647;
			files = (
				215B3E442468A55011281A96 /* Pods_Packing_PackingUITests.framework in Frameworks */,
			);
			runOnlyForDeploymentPostprocessing = 0;
		};
/* End PBXFrameworksBuildPhase section */

/* Begin PBXGroup section */
		7D71BAE7A7732703536FB45D /* Frameworks */ = {
			isa = PBXGroup;
			children = (
				D0D6FEACBCD90E97265732CE /* Pods_Packing.framework */,
				3D82EA07582BD858F0928357 /* Pods_Packing_PackingUITests.framework */,
				ECF64CFEAEF01DBCDDA86BCA /* Pods_PackingTests.framework */,
			);
			name = Frameworks;
			sourceTree = "<group>";
		};
		89343BCC24D115E1003AF780 /* Restriction */ = {
			isa = PBXGroup;
			children = (
				89343BD124D118A9003AF780 /* RestrictionView.swift */,
				89343BCD24D11873003AF780 /* RestrictionListCard.swift */,
				89EE4D2124D12E760097AE33 /* RestrictionItemCard.swift */,
			);
			path = Restriction;
			sourceTree = "<group>";
		};
		8938EAF624CF31D000D8AFFC /* Entities */ = {
			isa = PBXGroup;
			children = (
				8938EB0624CF343400D8AFFC /* Trip.swift */,
				8938EB0424CF342800D8AFFC /* Luggage.swift */,
				8938EB0224CF341400D8AFFC /* Item.swift */,
				89343BD724D11F7B003AF780 /* Restriction.swift */,
				89343BD924D12223003AF780 /* RestrictionDetail.swift */,
				89A7BF0C24C83A18008734ED /* WeatherModel.swift */,
			);
			path = Entities;
			sourceTree = "<group>";
		};
		8938EAF724CF31F600D8AFFC /* Luggage */ = {
			isa = PBXGroup;
			children = (
				8938EAFD24CF324800D8AFFC /* LuggageView.swift */,
				8938EAF824CF321300D8AFFC /* LuggageListCard.swift */,
				8938EAFA24CF323100D8AFFC /* LuggageItemCell.swift */,
			);
			path = Luggage;
			sourceTree = "<group>";
		};
		8938EAFF24CF325700D8AFFC /* Common */ = {
			isa = PBXGroup;
			children = (
				FECAA3AA24B3944C004B85AD /* AppDelegate.swift */,
				FECAA3AC24B3944C004B85AD /* SceneDelegate.swift */,
			);
			path = Common;
			sourceTree = "<group>";
		};
		8938EB0024CF327100D8AFFC /* Persistence */ = {
			isa = PBXGroup;
			children = (
				897AB15C24D26E1100B308C9 /* Packing.xcdatamodeld */,
			);
			path = Persistence;
			sourceTree = "<group>";
		};
		8938EB0124CF334600D8AFFC /* NewTrip */ = {
			isa = PBXGroup;
			children = (
				897AB15F24D26E4000B308C9 /* InputBookingNumberPage.swift */,
				897AB16124D26E4E00B308C9 /* SelectGenderPage.swift */,
				897AB16324D26E5B00B308C9 /* ActivityPage.swift */,
				897AB16524D26E6800B308C9 /* SelectLuggagePage.swift */,
			);
			path = NewTrip;
			sourceTree = "<group>";
		};
		8938EB0824CF395300D8AFFC /* Weather */ = {
			isa = PBXGroup;
			children = (
				89A7BF1424C83A78008734ED /* WeatherScrollView.swift */,
				89A7BF1224C83A5F008734ED /* WeatherCard.swift */,
			);
			path = Weather;
			sourceTree = "<group>";
		};
		8938EB0924CF3C5800D8AFFC /* API */ = {
			isa = PBXGroup;
			children = (
				FE3FD50024CE73ED000CCA69 /* ApiManager.swift */,
				89A7BF1024C83A30008734ED /* NetworkManager.swift */,
				89A7BF0E24C83A25008734ED /* WeatherData.swift */,
			);
			path = API;
			sourceTree = "<group>";
		};
		89A7BF0524C839BD008734ED /* Views */ = {
			isa = PBXGroup;
			children = (
				8950950424CFF1AF0034CAA7 /* ContentView.swift */,
				89C5E8A524D50C02007172EF /* Utilities */,
				89E29F1324D2F0E7001BB7FB /* Home */,
				8938EB0124CF334600D8AFFC /* NewTrip */,
				8938EAF724CF31F600D8AFFC /* Luggage */,
				89343BCC24D115E1003AF780 /* Restriction */,
			);
			path = Views;
			sourceTree = "<group>";
		};
		89A7BF0624C839C5008734ED /* Models */ = {
			isa = PBXGroup;
			children = (
				8938EAF624CF31D000D8AFFC /* Entities */,
			);
			path = Models;
			sourceTree = "<group>";
		};
		89A7BF0724C839CA008734ED /* Extensions */ = {
			isa = PBXGroup;
			children = (
				89A7BF0924C839F5008734ED /* UIColor+Extensions.swift */,
			);
			path = Extensions;
			sourceTree = "<group>";
		};
		89A7BF0824C839D4008734ED /* Fonts */ = {
			isa = PBXGroup;
			children = (
				895094DC24CFC20F0034CAA7 /* Poppins-Black.ttf */,
				895094DD24CFC20F0034CAA7 /* Poppins-BlackItalic.ttf */,
				895094EC24CFC2100034CAA7 /* Poppins-Bold.ttf */,
				895094ED24CFC2100034CAA7 /* Poppins-BoldItalic.ttf */,
				895094E024CFC20F0034CAA7 /* Poppins-ExtraBold.ttf */,
				895094E124CFC2100034CAA7 /* Poppins-ExtraBoldItalic.ttf */,
				895094DE24CFC20F0034CAA7 /* Poppins-ExtraLight.ttf */,
				895094EB24CFC2100034CAA7 /* Poppins-ExtraLightItalic.ttf */,
				895094E524CFC2100034CAA7 /* Poppins-Italic.ttf */,
				895094E224CFC2100034CAA7 /* Poppins-Light.ttf */,
				895094E424CFC2100034CAA7 /* Poppins-LightItalic.ttf */,
				895094EA24CFC2100034CAA7 /* Poppins-Medium.ttf */,
				895094E624CFC2100034CAA7 /* Poppins-MediumItalic.ttf */,
				895094E724CFC2100034CAA7 /* Poppins-Regular.ttf */,
				895094E324CFC2100034CAA7 /* Poppins-SemiBold.ttf */,
				895094E824CFC2100034CAA7 /* Poppins-SemiBoldItalic.ttf */,
				895094E924CFC2100034CAA7 /* Poppins-Thin.ttf */,
				895094DF24CFC20F0034CAA7 /* Poppins-ThinItalic.ttf */,
			);
			path = Fonts;
			sourceTree = "<group>";
		};
		89C5E8A524D50C02007172EF /* Utilities */ = {
			isa = PBXGroup;
			children = (
				89C5E8A624D50C29007172EF /* BlurView.swift */,
				895094DA24CFC1B20034CAA7 /* CustomSegmentedPicker.swift */,
				89B413A224D5619600B5189E /* KeyboardResponder.swift */,
			);
			path = Utilities;
			sourceTree = "<group>";
		};
		89E29F1024D2F07F001BB7FB /* Utilities */ = {
			isa = PBXGroup;
			children = (
				89E29F1124D2F0A1001BB7FB /* DateFormatter.swift */,
			);
			path = Utilities;
			sourceTree = "<group>";
		};
		89E29F1324D2F0E7001BB7FB /* Home */ = {
			isa = PBXGroup;
			children = (
				89E29F1624D2F116001BB7FB /* HomeView.swift */,
				89E29F1424D2F10B001BB7FB /* HomeCard.swift */,
				8943A63224D411DE0011F7D1 /* HomePopup.swift */,
				8938EB0824CF395300D8AFFC /* Weather */,
			);
			path = Home;
			sourceTree = "<group>";
		};
		E82E604AC454FD093604A036 /* Pods */ = {
			isa = PBXGroup;
			children = (
				C0E0E2A3D31FD8B3865D0987 /* Pods-Packing.debug.xcconfig */,
				51F69F90074F29B92F477282 /* Pods-Packing.release.xcconfig */,
				7E3B852D586247CF7D9A4850 /* Pods-Packing-PackingUITests.debug.xcconfig */,
				DAAF65B3349A8770CCDB3C25 /* Pods-Packing-PackingUITests.release.xcconfig */,
				FEAD3DF0A1C4E5B1D7202791 /* Pods-PackingTests.debug.xcconfig */,
				2874565E1E70706AC1FF1BC8 /* Pods-PackingTests.release.xcconfig */,
			);
			path = Pods;
			sourceTree = "<group>";
		};
		FECAA39E24B3944C004B85AD = {
			isa = PBXGroup;
			children = (
				FECAA3A924B3944C004B85AD /* Packing */,
				FECAA3C324B39450004B85AD /* PackingTests */,
				FECAA3CE24B39450004B85AD /* PackingUITests */,
				FECAA3A824B3944C004B85AD /* Products */,
				E82E604AC454FD093604A036 /* Pods */,
				7D71BAE7A7732703536FB45D /* Frameworks */,
			);
			sourceTree = "<group>";
		};
		FECAA3A824B3944C004B85AD /* Products */ = {
			isa = PBXGroup;
			children = (
				FECAA3A724B3944C004B85AD /* Packing.app */,
				FECAA3C024B39450004B85AD /* PackingTests.xctest */,
				FECAA3CB24B39450004B85AD /* PackingUITests.xctest */,
			);
			name = Products;
			sourceTree = "<group>";
		};
		FECAA3A924B3944C004B85AD /* Packing */ = {
			isa = PBXGroup;
			children = (
				89A7BF0824C839D4008734ED /* Fonts */,
				8938EB0924CF3C5800D8AFFC /* API */,
				8938EB0024CF327100D8AFFC /* Persistence */,
				8938EAFF24CF325700D8AFFC /* Common */,
				89A7BF0724C839CA008734ED /* Extensions */,
				89E29F1024D2F07F001BB7FB /* Utilities */,
				89A7BF0624C839C5008734ED /* Models */,
				89A7BF0524C839BD008734ED /* Views */,
				FECAA3B624B3944F004B85AD /* Assets.xcassets */,
				FECAA3B824B3944F004B85AD /* LaunchScreen.storyboard */,
				FECAA3BB24B3944F004B85AD /* Info.plist */,
			);
			path = Packing;
			sourceTree = "<group>";
		};
		FECAA3C324B39450004B85AD /* PackingTests */ = {
			isa = PBXGroup;
			children = (
				FECAA3C424B39450004B85AD /* PackingTests.swift */,
				FECAA3C624B39450004B85AD /* Info.plist */,
			);
			path = PackingTests;
			sourceTree = "<group>";
		};
		FECAA3CE24B39450004B85AD /* PackingUITests */ = {
			isa = PBXGroup;
			children = (
				FECAA3CF24B39450004B85AD /* PackingUITests.swift */,
				FECAA3D124B39450004B85AD /* Info.plist */,
			);
			path = PackingUITests;
			sourceTree = "<group>";
		};
/* End PBXGroup section */

/* Begin PBXNativeTarget section */
		FECAA3A624B3944C004B85AD /* Packing */ = {
			isa = PBXNativeTarget;
			buildConfigurationList = FECAA3D424B39450004B85AD /* Build configuration list for PBXNativeTarget "Packing" */;
			buildPhases = (
				7638F33F4F2C010CB01CE882 /* [CP] Check Pods Manifest.lock */,
				FECAA3A324B3944C004B85AD /* Sources */,
				FECAA3A424B3944C004B85AD /* Frameworks */,
				FECAA3A524B3944C004B85AD /* Resources */,
				2F0EF97DEDC72DC347B03198 /* [CP] Embed Pods Frameworks */,
			);
			buildRules = (
			);
			dependencies = (
			);
			name = Packing;
			productName = Packing;
			productReference = FECAA3A724B3944C004B85AD /* Packing.app */;
			productType = "com.apple.product-type.application";
		};
		FECAA3BF24B39450004B85AD /* PackingTests */ = {
			isa = PBXNativeTarget;
			buildConfigurationList = FECAA3D724B39450004B85AD /* Build configuration list for PBXNativeTarget "PackingTests" */;
			buildPhases = (
				0F0A02015401D55A449C8EFE /* [CP] Check Pods Manifest.lock */,
				FECAA3BC24B39450004B85AD /* Sources */,
				FECAA3BD24B39450004B85AD /* Frameworks */,
				FECAA3BE24B39450004B85AD /* Resources */,
			);
			buildRules = (
			);
			dependencies = (
				FECAA3C224B39450004B85AD /* PBXTargetDependency */,
			);
			name = PackingTests;
			productName = PackingTests;
			productReference = FECAA3C024B39450004B85AD /* PackingTests.xctest */;
			productType = "com.apple.product-type.bundle.unit-test";
		};
		FECAA3CA24B39450004B85AD /* PackingUITests */ = {
			isa = PBXNativeTarget;
			buildConfigurationList = FECAA3DA24B39450004B85AD /* Build configuration list for PBXNativeTarget "PackingUITests" */;
			buildPhases = (
				D9A6CD3CFA7479907D9E3685 /* [CP] Check Pods Manifest.lock */,
				FECAA3C724B39450004B85AD /* Sources */,
				FECAA3C824B39450004B85AD /* Frameworks */,
				FECAA3C924B39450004B85AD /* Resources */,
				53943667E16C80947CEAC4B1 /* [CP] Embed Pods Frameworks */,
			);
			buildRules = (
			);
			dependencies = (
				FECAA3CD24B39450004B85AD /* PBXTargetDependency */,
			);
			name = PackingUITests;
			productName = PackingUITests;
			productReference = FECAA3CB24B39450004B85AD /* PackingUITests.xctest */;
			productType = "com.apple.product-type.bundle.ui-testing";
		};
/* End PBXNativeTarget section */

/* Begin PBXProject section */
		FECAA39F24B3944C004B85AD /* Project object */ = {
			isa = PBXProject;
			attributes = {
				LastSwiftUpdateCheck = 1150;
				LastUpgradeCheck = 1150;
				ORGANIZATIONNAME = Packing;
				TargetAttributes = {
					FECAA3A624B3944C004B85AD = {
						CreatedOnToolsVersion = 11.5;
					};
					FECAA3BF24B39450004B85AD = {
						CreatedOnToolsVersion = 11.5;
						TestTargetID = FECAA3A624B3944C004B85AD;
					};
					FECAA3CA24B39450004B85AD = {
						CreatedOnToolsVersion = 11.5;
						TestTargetID = FECAA3A624B3944C004B85AD;
					};
				};
			};
			buildConfigurationList = FECAA3A224B3944C004B85AD /* Build configuration list for PBXProject "Packing" */;
			compatibilityVersion = "Xcode 9.3";
			developmentRegion = en;
			hasScannedForEncodings = 0;
			knownRegions = (
				en,
				Base,
			);
			mainGroup = FECAA39E24B3944C004B85AD;
			productRefGroup = FECAA3A824B3944C004B85AD /* Products */;
			projectDirPath = "";
			projectRoot = "";
			targets = (
				FECAA3A624B3944C004B85AD /* Packing */,
				FECAA3BF24B39450004B85AD /* PackingTests */,
				FECAA3CA24B39450004B85AD /* PackingUITests */,
			);
		};
/* End PBXProject section */

/* Begin PBXResourcesBuildPhase section */
		FECAA3A524B3944C004B85AD /* Resources */ = {
			isa = PBXResourcesBuildPhase;
			buildActionMask = 2147483647;
			files = (
				895094F024CFC2100034CAA7 /* Poppins-ExtraLight.ttf in Resources */,
				895094FA24CFC2100034CAA7 /* Poppins-SemiBoldItalic.ttf in Resources */,
				895094FD24CFC2100034CAA7 /* Poppins-ExtraLightItalic.ttf in Resources */,
				895094F424CFC2100034CAA7 /* Poppins-Light.ttf in Resources */,
				895094FB24CFC2100034CAA7 /* Poppins-Thin.ttf in Resources */,
				895094F524CFC2100034CAA7 /* Poppins-SemiBold.ttf in Resources */,
				895094EE24CFC2100034CAA7 /* Poppins-Black.ttf in Resources */,
				895094FE24CFC2100034CAA7 /* Poppins-Bold.ttf in Resources */,
				FECAA3BA24B3944F004B85AD /* LaunchScreen.storyboard in Resources */,
				895094FF24CFC2100034CAA7 /* Poppins-BoldItalic.ttf in Resources */,
				895094F824CFC2100034CAA7 /* Poppins-MediumItalic.ttf in Resources */,
				895094F324CFC2100034CAA7 /* Poppins-ExtraBoldItalic.ttf in Resources */,
				895094EF24CFC2100034CAA7 /* Poppins-BlackItalic.ttf in Resources */,
				895094F724CFC2100034CAA7 /* Poppins-Italic.ttf in Resources */,
				895094F924CFC2100034CAA7 /* Poppins-Regular.ttf in Resources */,
				895094F624CFC2100034CAA7 /* Poppins-LightItalic.ttf in Resources */,
				895094F224CFC2100034CAA7 /* Poppins-ExtraBold.ttf in Resources */,
				FECAA3B724B3944F004B85AD /* Assets.xcassets in Resources */,
				895094FC24CFC2100034CAA7 /* Poppins-Medium.ttf in Resources */,
				895094F124CFC2100034CAA7 /* Poppins-ThinItalic.ttf in Resources */,
			);
			runOnlyForDeploymentPostprocessing = 0;
		};
		FECAA3BE24B39450004B85AD /* Resources */ = {
			isa = PBXResourcesBuildPhase;
			buildActionMask = 2147483647;
			files = (
			);
			runOnlyForDeploymentPostprocessing = 0;
		};
		FECAA3C924B39450004B85AD /* Resources */ = {
			isa = PBXResourcesBuildPhase;
			buildActionMask = 2147483647;
			files = (
			);
			runOnlyForDeploymentPostprocessing = 0;
		};
/* End PBXResourcesBuildPhase section */

/* Begin PBXShellScriptBuildPhase section */
		0F0A02015401D55A449C8EFE /* [CP] Check Pods Manifest.lock */ = {
			isa = PBXShellScriptBuildPhase;
			buildActionMask = 2147483647;
			files = (
			);
			inputFileListPaths = (
			);
			inputPaths = (
				"${PODS_PODFILE_DIR_PATH}/Podfile.lock",
				"${PODS_ROOT}/Manifest.lock",
			);
			name = "[CP] Check Pods Manifest.lock";
			outputFileListPaths = (
			);
			outputPaths = (
				"$(DERIVED_FILE_DIR)/Pods-PackingTests-checkManifestLockResult.txt",
			);
			runOnlyForDeploymentPostprocessing = 0;
			shellPath = /bin/sh;
			shellScript = "diff \"${PODS_PODFILE_DIR_PATH}/Podfile.lock\" \"${PODS_ROOT}/Manifest.lock\" > /dev/null\nif [ $? != 0 ] ; then\n    # print error to STDERR\n    echo \"error: The sandbox is not in sync with the Podfile.lock. Run 'pod install' or update your CocoaPods installation.\" >&2\n    exit 1\nfi\n# This output is used by Xcode 'outputs' to avoid re-running this script phase.\necho \"SUCCESS\" > \"${SCRIPT_OUTPUT_FILE_0}\"\n";
			showEnvVarsInLog = 0;
		};
		2F0EF97DEDC72DC347B03198 /* [CP] Embed Pods Frameworks */ = {
			isa = PBXShellScriptBuildPhase;
			buildActionMask = 2147483647;
			files = (
			);
			inputFileListPaths = (
				"${PODS_ROOT}/Target Support Files/Pods-Packing/Pods-Packing-frameworks-${CONFIGURATION}-input-files.xcfilelist",
			);
			name = "[CP] Embed Pods Frameworks";
			outputFileListPaths = (
				"${PODS_ROOT}/Target Support Files/Pods-Packing/Pods-Packing-frameworks-${CONFIGURATION}-output-files.xcfilelist",
			);
			runOnlyForDeploymentPostprocessing = 0;
			shellPath = /bin/sh;
			shellScript = "\"${PODS_ROOT}/Target Support Files/Pods-Packing/Pods-Packing-frameworks.sh\"\n";
			showEnvVarsInLog = 0;
		};
		53943667E16C80947CEAC4B1 /* [CP] Embed Pods Frameworks */ = {
			isa = PBXShellScriptBuildPhase;
			buildActionMask = 2147483647;
			files = (
			);
			inputFileListPaths = (
				"${PODS_ROOT}/Target Support Files/Pods-Packing-PackingUITests/Pods-Packing-PackingUITests-frameworks-${CONFIGURATION}-input-files.xcfilelist",
			);
			name = "[CP] Embed Pods Frameworks";
			outputFileListPaths = (
				"${PODS_ROOT}/Target Support Files/Pods-Packing-PackingUITests/Pods-Packing-PackingUITests-frameworks-${CONFIGURATION}-output-files.xcfilelist",
			);
			runOnlyForDeploymentPostprocessing = 0;
			shellPath = /bin/sh;
			shellScript = "\"${PODS_ROOT}/Target Support Files/Pods-Packing-PackingUITests/Pods-Packing-PackingUITests-frameworks.sh\"\n";
			showEnvVarsInLog = 0;
		};
		7638F33F4F2C010CB01CE882 /* [CP] Check Pods Manifest.lock */ = {
			isa = PBXShellScriptBuildPhase;
			buildActionMask = 2147483647;
			files = (
			);
			inputFileListPaths = (
			);
			inputPaths = (
				"${PODS_PODFILE_DIR_PATH}/Podfile.lock",
				"${PODS_ROOT}/Manifest.lock",
			);
			name = "[CP] Check Pods Manifest.lock";
			outputFileListPaths = (
			);
			outputPaths = (
				"$(DERIVED_FILE_DIR)/Pods-Packing-checkManifestLockResult.txt",
			);
			runOnlyForDeploymentPostprocessing = 0;
			shellPath = /bin/sh;
			shellScript = "diff \"${PODS_PODFILE_DIR_PATH}/Podfile.lock\" \"${PODS_ROOT}/Manifest.lock\" > /dev/null\nif [ $? != 0 ] ; then\n    # print error to STDERR\n    echo \"error: The sandbox is not in sync with the Podfile.lock. Run 'pod install' or update your CocoaPods installation.\" >&2\n    exit 1\nfi\n# This output is used by Xcode 'outputs' to avoid re-running this script phase.\necho \"SUCCESS\" > \"${SCRIPT_OUTPUT_FILE_0}\"\n";
			showEnvVarsInLog = 0;
		};
		D9A6CD3CFA7479907D9E3685 /* [CP] Check Pods Manifest.lock */ = {
			isa = PBXShellScriptBuildPhase;
			buildActionMask = 2147483647;
			files = (
			);
			inputFileListPaths = (
			);
			inputPaths = (
				"${PODS_PODFILE_DIR_PATH}/Podfile.lock",
				"${PODS_ROOT}/Manifest.lock",
			);
			name = "[CP] Check Pods Manifest.lock";
			outputFileListPaths = (
			);
			outputPaths = (
				"$(DERIVED_FILE_DIR)/Pods-Packing-PackingUITests-checkManifestLockResult.txt",
			);
			runOnlyForDeploymentPostprocessing = 0;
			shellPath = /bin/sh;
			shellScript = "diff \"${PODS_PODFILE_DIR_PATH}/Podfile.lock\" \"${PODS_ROOT}/Manifest.lock\" > /dev/null\nif [ $? != 0 ] ; then\n    # print error to STDERR\n    echo \"error: The sandbox is not in sync with the Podfile.lock. Run 'pod install' or update your CocoaPods installation.\" >&2\n    exit 1\nfi\n# This output is used by Xcode 'outputs' to avoid re-running this script phase.\necho \"SUCCESS\" > \"${SCRIPT_OUTPUT_FILE_0}\"\n";
			showEnvVarsInLog = 0;
		};
/* End PBXShellScriptBuildPhase section */

/* Begin PBXSourcesBuildPhase section */
		FECAA3A324B3944C004B85AD /* Sources */ = {
			isa = PBXSourcesBuildPhase;
			buildActionMask = 2147483647;
			files = (
				89E29F1524D2F10B001BB7FB /* HomeCard.swift in Sources */,
				8938EB0724CF343400D8AFFC /* Trip.swift in Sources */,
				897AB16624D26E6800B308C9 /* SelectLuggagePage.swift in Sources */,
				8938EB0324CF341400D8AFFC /* Item.swift in Sources */,
				8950950524CFF1AF0034CAA7 /* ContentView.swift in Sources */,
				FE3FD50124CE73EE000CCA69 /* ApiManager.swift in Sources */,
				8938EAFB24CF323100D8AFFC /* LuggageItemCell.swift in Sources */,
				8938EAF924CF321300D8AFFC /* LuggageListCard.swift in Sources */,
				8938EB0524CF342800D8AFFC /* Luggage.swift in Sources */,
				89A7BF1324C83A5F008734ED /* WeatherCard.swift in Sources */,
				89343BD824D11F7B003AF780 /* Restriction.swift in Sources */,
				895094DB24CFC1B20034CAA7 /* CustomSegmentedPicker.swift in Sources */,
				89E29F1724D2F116001BB7FB /* HomeView.swift in Sources */,
				89A7BF0A24C839F5008734ED /* UIColor+Extensions.swift in Sources */,
				8943A63324D411DE0011F7D1 /* HomePopup.swift in Sources */,
				89A7BF1524C83A78008734ED /* WeatherScrollView.swift in Sources */,
				89A7BF1124C83A30008734ED /* NetworkManager.swift in Sources */,
				89343BD224D118A9003AF780 /* RestrictionView.swift in Sources */,
				89E29F1224D2F0A1001BB7FB /* DateFormatter.swift in Sources */,
				89343BCE24D11873003AF780 /* RestrictionListCard.swift in Sources */,
				897AB16424D26E5B00B308C9 /* ActivityPage.swift in Sources */,
				89B413A324D5619600B5189E /* KeyboardResponder.swift in Sources */,
				897AB16224D26E4E00B308C9 /* SelectGenderPage.swift in Sources */,
				89A7BF0D24C83A18008734ED /* WeatherModel.swift in Sources */,
				897AB16024D26E4000B308C9 /* InputBookingNumberPage.swift in Sources */,
				89343BDA24D12223003AF780 /* RestrictionDetail.swift in Sources */,
				89C5E8A724D50C29007172EF /* BlurView.swift in Sources */,
				89EE4D2224D12E760097AE33 /* RestrictionItemCard.swift in Sources */,
				8938EAFE24CF324800D8AFFC /* LuggageView.swift in Sources */,
				89A7BF0F24C83A25008734ED /* WeatherData.swift in Sources */,
				897AB15E24D26E1100B308C9 /* Packing.xcdatamodeld in Sources */,
				FECAA3AB24B3944C004B85AD /* AppDelegate.swift in Sources */,
				FECAA3AD24B3944C004B85AD /* SceneDelegate.swift in Sources */,
			);
			runOnlyForDeploymentPostprocessing = 0;
		};
		FECAA3BC24B39450004B85AD /* Sources */ = {
			isa = PBXSourcesBuildPhase;
			buildActionMask = 2147483647;
			files = (
				FECAA3C524B39450004B85AD /* PackingTests.swift in Sources */,
			);
			runOnlyForDeploymentPostprocessing = 0;
		};
		FECAA3C724B39450004B85AD /* Sources */ = {
			isa = PBXSourcesBuildPhase;
			buildActionMask = 2147483647;
			files = (
				FECAA3D024B39450004B85AD /* PackingUITests.swift in Sources */,
			);
			runOnlyForDeploymentPostprocessing = 0;
		};
/* End PBXSourcesBuildPhase section */

/* Begin PBXTargetDependency section */
		FECAA3C224B39450004B85AD /* PBXTargetDependency */ = {
			isa = PBXTargetDependency;
			target = FECAA3A624B3944C004B85AD /* Packing */;
			targetProxy = FECAA3C124B39450004B85AD /* PBXContainerItemProxy */;
		};
		FECAA3CD24B39450004B85AD /* PBXTargetDependency */ = {
			isa = PBXTargetDependency;
			target = FECAA3A624B3944C004B85AD /* Packing */;
			targetProxy = FECAA3CC24B39450004B85AD /* PBXContainerItemProxy */;
		};
/* End PBXTargetDependency section */

/* Begin PBXVariantGroup section */
		FECAA3B824B3944F004B85AD /* LaunchScreen.storyboard */ = {
			isa = PBXVariantGroup;
			children = (
				FECAA3B924B3944F004B85AD /* Base */,
			);
			name = LaunchScreen.storyboard;
			sourceTree = "<group>";
		};
/* End PBXVariantGroup section */

/* Begin XCBuildConfiguration section */
		FECAA3D224B39450004B85AD /* Debug */ = {
			isa = XCBuildConfiguration;
			buildSettings = {
				ALWAYS_SEARCH_USER_PATHS = NO;
				CLANG_ANALYZER_NONNULL = YES;
				CLANG_ANALYZER_NUMBER_OBJECT_CONVERSION = YES_AGGRESSIVE;
				CLANG_CXX_LANGUAGE_STANDARD = "gnu++14";
				CLANG_CXX_LIBRARY = "libc++";
				CLANG_ENABLE_MODULES = YES;
				CLANG_ENABLE_OBJC_ARC = YES;
				CLANG_ENABLE_OBJC_WEAK = YES;
				CLANG_WARN_BLOCK_CAPTURE_AUTORELEASING = YES;
				CLANG_WARN_BOOL_CONVERSION = YES;
				CLANG_WARN_COMMA = YES;
				CLANG_WARN_CONSTANT_CONVERSION = YES;
				CLANG_WARN_DEPRECATED_OBJC_IMPLEMENTATIONS = YES;
				CLANG_WARN_DIRECT_OBJC_ISA_USAGE = YES_ERROR;
				CLANG_WARN_DOCUMENTATION_COMMENTS = YES;
				CLANG_WARN_EMPTY_BODY = YES;
				CLANG_WARN_ENUM_CONVERSION = YES;
				CLANG_WARN_INFINITE_RECURSION = YES;
				CLANG_WARN_INT_CONVERSION = YES;
				CLANG_WARN_NON_LITERAL_NULL_CONVERSION = YES;
				CLANG_WARN_OBJC_IMPLICIT_RETAIN_SELF = YES;
				CLANG_WARN_OBJC_LITERAL_CONVERSION = YES;
				CLANG_WARN_OBJC_ROOT_CLASS = YES_ERROR;
				CLANG_WARN_RANGE_LOOP_ANALYSIS = YES;
				CLANG_WARN_STRICT_PROTOTYPES = YES;
				CLANG_WARN_SUSPICIOUS_MOVE = YES;
				CLANG_WARN_UNGUARDED_AVAILABILITY = YES_AGGRESSIVE;
				CLANG_WARN_UNREACHABLE_CODE = YES;
				CLANG_WARN__DUPLICATE_METHOD_MATCH = YES;
				COPY_PHASE_STRIP = NO;
				DEBUG_INFORMATION_FORMAT = dwarf;
				ENABLE_STRICT_OBJC_MSGSEND = YES;
				ENABLE_TESTABILITY = YES;
				GCC_C_LANGUAGE_STANDARD = gnu11;
				GCC_DYNAMIC_NO_PIC = NO;
				GCC_NO_COMMON_BLOCKS = YES;
				GCC_OPTIMIZATION_LEVEL = 0;
				GCC_PREPROCESSOR_DEFINITIONS = (
					"DEBUG=1",
					"$(inherited)",
				);
				GCC_WARN_64_TO_32_BIT_CONVERSION = YES;
				GCC_WARN_ABOUT_RETURN_TYPE = YES_ERROR;
				GCC_WARN_UNDECLARED_SELECTOR = YES;
				GCC_WARN_UNINITIALIZED_AUTOS = YES_AGGRESSIVE;
				GCC_WARN_UNUSED_FUNCTION = YES;
				GCC_WARN_UNUSED_VARIABLE = YES;
				IPHONEOS_DEPLOYMENT_TARGET = 13.5;
				MTL_ENABLE_DEBUG_INFO = INCLUDE_SOURCE;
				MTL_FAST_MATH = YES;
				ONLY_ACTIVE_ARCH = YES;
				SDKROOT = iphoneos;
				SWIFT_ACTIVE_COMPILATION_CONDITIONS = DEBUG;
				SWIFT_OPTIMIZATION_LEVEL = "-Onone";
			};
			name = Debug;
		};
		FECAA3D324B39450004B85AD /* Release */ = {
			isa = XCBuildConfiguration;
			buildSettings = {
				ALWAYS_SEARCH_USER_PATHS = NO;
				CLANG_ANALYZER_NONNULL = YES;
				CLANG_ANALYZER_NUMBER_OBJECT_CONVERSION = YES_AGGRESSIVE;
				CLANG_CXX_LANGUAGE_STANDARD = "gnu++14";
				CLANG_CXX_LIBRARY = "libc++";
				CLANG_ENABLE_MODULES = YES;
				CLANG_ENABLE_OBJC_ARC = YES;
				CLANG_ENABLE_OBJC_WEAK = YES;
				CLANG_WARN_BLOCK_CAPTURE_AUTORELEASING = YES;
				CLANG_WARN_BOOL_CONVERSION = YES;
				CLANG_WARN_COMMA = YES;
				CLANG_WARN_CONSTANT_CONVERSION = YES;
				CLANG_WARN_DEPRECATED_OBJC_IMPLEMENTATIONS = YES;
				CLANG_WARN_DIRECT_OBJC_ISA_USAGE = YES_ERROR;
				CLANG_WARN_DOCUMENTATION_COMMENTS = YES;
				CLANG_WARN_EMPTY_BODY = YES;
				CLANG_WARN_ENUM_CONVERSION = YES;
				CLANG_WARN_INFINITE_RECURSION = YES;
				CLANG_WARN_INT_CONVERSION = YES;
				CLANG_WARN_NON_LITERAL_NULL_CONVERSION = YES;
				CLANG_WARN_OBJC_IMPLICIT_RETAIN_SELF = YES;
				CLANG_WARN_OBJC_LITERAL_CONVERSION = YES;
				CLANG_WARN_OBJC_ROOT_CLASS = YES_ERROR;
				CLANG_WARN_RANGE_LOOP_ANALYSIS = YES;
				CLANG_WARN_STRICT_PROTOTYPES = YES;
				CLANG_WARN_SUSPICIOUS_MOVE = YES;
				CLANG_WARN_UNGUARDED_AVAILABILITY = YES_AGGRESSIVE;
				CLANG_WARN_UNREACHABLE_CODE = YES;
				CLANG_WARN__DUPLICATE_METHOD_MATCH = YES;
				COPY_PHASE_STRIP = NO;
				DEBUG_INFORMATION_FORMAT = "dwarf-with-dsym";
				ENABLE_NS_ASSERTIONS = NO;
				ENABLE_STRICT_OBJC_MSGSEND = YES;
				GCC_C_LANGUAGE_STANDARD = gnu11;
				GCC_NO_COMMON_BLOCKS = YES;
				GCC_WARN_64_TO_32_BIT_CONVERSION = YES;
				GCC_WARN_ABOUT_RETURN_TYPE = YES_ERROR;
				GCC_WARN_UNDECLARED_SELECTOR = YES;
				GCC_WARN_UNINITIALIZED_AUTOS = YES_AGGRESSIVE;
				GCC_WARN_UNUSED_FUNCTION = YES;
				GCC_WARN_UNUSED_VARIABLE = YES;
				IPHONEOS_DEPLOYMENT_TARGET = 13.5;
				MTL_ENABLE_DEBUG_INFO = NO;
				MTL_FAST_MATH = YES;
				SDKROOT = iphoneos;
				SWIFT_COMPILATION_MODE = wholemodule;
				SWIFT_OPTIMIZATION_LEVEL = "-O";
				VALIDATE_PRODUCT = YES;
			};
			name = Release;
		};
		FECAA3D524B39450004B85AD /* Debug */ = {
			isa = XCBuildConfiguration;
			baseConfigurationReference = C0E0E2A3D31FD8B3865D0987 /* Pods-Packing.debug.xcconfig */;
			buildSettings = {
				ASSETCATALOG_COMPILER_APPICON_NAME = AppIcon;
				CODE_SIGN_STYLE = Automatic;
				DEVELOPMENT_TEAM = RUC2SWWBVQ;
				INFOPLIST_FILE = Packing/Info.plist;
				LD_RUNPATH_SEARCH_PATHS = (
					"$(inherited)",
					"@executable_path/Frameworks",
				);
				PRODUCT_BUNDLE_IDENTIFIER = C3S1MC3.Packing;
				PRODUCT_NAME = "$(TARGET_NAME)";
				SWIFT_VERSION = 5.0;
				TARGETED_DEVICE_FAMILY = 1;
			};
			name = Debug;
		};
		FECAA3D624B39450004B85AD /* Release */ = {
			isa = XCBuildConfiguration;
			baseConfigurationReference = 51F69F90074F29B92F477282 /* Pods-Packing.release.xcconfig */;
			buildSettings = {
				ASSETCATALOG_COMPILER_APPICON_NAME = AppIcon;
				CODE_SIGN_STYLE = Automatic;
				DEVELOPMENT_TEAM = RUC2SWWBVQ;
				INFOPLIST_FILE = Packing/Info.plist;
				LD_RUNPATH_SEARCH_PATHS = (
					"$(inherited)",
					"@executable_path/Frameworks",
				);
				PRODUCT_BUNDLE_IDENTIFIER = C3S1MC3.Packing;
				PRODUCT_NAME = "$(TARGET_NAME)";
				SWIFT_VERSION = 5.0;
				TARGETED_DEVICE_FAMILY = 1;
			};
			name = Release;
		};
		FECAA3D824B39450004B85AD /* Debug */ = {
			isa = XCBuildConfiguration;
			baseConfigurationReference = FEAD3DF0A1C4E5B1D7202791 /* Pods-PackingTests.debug.xcconfig */;
			buildSettings = {
				ALWAYS_EMBED_SWIFT_STANDARD_LIBRARIES = YES;
				BUNDLE_LOADER = "$(TEST_HOST)";
				CODE_SIGN_STYLE = Automatic;
				DEVELOPMENT_TEAM = RUC2SWWBVQ;
				INFOPLIST_FILE = PackingTests/Info.plist;
				IPHONEOS_DEPLOYMENT_TARGET = 13.5;
				LD_RUNPATH_SEARCH_PATHS = (
					"$(inherited)",
					"@executable_path/Frameworks",
					"@loader_path/Frameworks",
				);
				PRODUCT_BUNDLE_IDENTIFIER = C3S1MC3.PackingTests;
				PRODUCT_NAME = "$(TARGET_NAME)";
				SWIFT_VERSION = 5.0;
				TARGETED_DEVICE_FAMILY = "1,2";
				TEST_HOST = "$(BUILT_PRODUCTS_DIR)/Packing.app/Packing";
			};
			name = Debug;
		};
		FECAA3D924B39450004B85AD /* Release */ = {
			isa = XCBuildConfiguration;
			baseConfigurationReference = 2874565E1E70706AC1FF1BC8 /* Pods-PackingTests.release.xcconfig */;
			buildSettings = {
				ALWAYS_EMBED_SWIFT_STANDARD_LIBRARIES = YES;
				BUNDLE_LOADER = "$(TEST_HOST)";
				CODE_SIGN_STYLE = Automatic;
				DEVELOPMENT_TEAM = RUC2SWWBVQ;
				INFOPLIST_FILE = PackingTests/Info.plist;
				IPHONEOS_DEPLOYMENT_TARGET = 13.5;
				LD_RUNPATH_SEARCH_PATHS = (
					"$(inherited)",
					"@executable_path/Frameworks",
					"@loader_path/Frameworks",
				);
				PRODUCT_BUNDLE_IDENTIFIER = C3S1MC3.PackingTests;
				PRODUCT_NAME = "$(TARGET_NAME)";
				SWIFT_VERSION = 5.0;
				TARGETED_DEVICE_FAMILY = "1,2";
				TEST_HOST = "$(BUILT_PRODUCTS_DIR)/Packing.app/Packing";
			};
			name = Release;
		};
		FECAA3DB24B39450004B85AD /* Debug */ = {
			isa = XCBuildConfiguration;
			baseConfigurationReference = 7E3B852D586247CF7D9A4850 /* Pods-Packing-PackingUITests.debug.xcconfig */;
			buildSettings = {
				ALWAYS_EMBED_SWIFT_STANDARD_LIBRARIES = YES;
				CODE_SIGN_STYLE = Automatic;
				DEVELOPMENT_TEAM = RUC2SWWBVQ;
				INFOPLIST_FILE = PackingUITests/Info.plist;
				LD_RUNPATH_SEARCH_PATHS = (
					"$(inherited)",
					"@executable_path/Frameworks",
					"@loader_path/Frameworks",
				);
				PRODUCT_BUNDLE_IDENTIFIER = C3S1MC3.PackingUITests;
				PRODUCT_NAME = "$(TARGET_NAME)";
				SWIFT_VERSION = 5.0;
				TARGETED_DEVICE_FAMILY = "1,2";
				TEST_TARGET_NAME = Packing;
			};
			name = Debug;
		};
		FECAA3DC24B39450004B85AD /* Release */ = {
			isa = XCBuildConfiguration;
			baseConfigurationReference = DAAF65B3349A8770CCDB3C25 /* Pods-Packing-PackingUITests.release.xcconfig */;
			buildSettings = {
				ALWAYS_EMBED_SWIFT_STANDARD_LIBRARIES = YES;
				CODE_SIGN_STYLE = Automatic;
				DEVELOPMENT_TEAM = RUC2SWWBVQ;
				INFOPLIST_FILE = PackingUITests/Info.plist;
				LD_RUNPATH_SEARCH_PATHS = (
					"$(inherited)",
					"@executable_path/Frameworks",
					"@loader_path/Frameworks",
				);
				PRODUCT_BUNDLE_IDENTIFIER = C3S1MC3.PackingUITests;
				PRODUCT_NAME = "$(TARGET_NAME)";
				SWIFT_VERSION = 5.0;
				TARGETED_DEVICE_FAMILY = "1,2";
				TEST_TARGET_NAME = Packing;
			};
			name = Release;
		};
/* End XCBuildConfiguration section */

/* Begin XCConfigurationList section */
		FECAA3A224B3944C004B85AD /* Build configuration list for PBXProject "Packing" */ = {
			isa = XCConfigurationList;
			buildConfigurations = (
				FECAA3D224B39450004B85AD /* Debug */,
				FECAA3D324B39450004B85AD /* Release */,
			);
			defaultConfigurationIsVisible = 0;
			defaultConfigurationName = Release;
		};
		FECAA3D424B39450004B85AD /* Build configuration list for PBXNativeTarget "Packing" */ = {
			isa = XCConfigurationList;
			buildConfigurations = (
				FECAA3D524B39450004B85AD /* Debug */,
				FECAA3D624B39450004B85AD /* Release */,
			);
			defaultConfigurationIsVisible = 0;
			defaultConfigurationName = Release;
		};
		FECAA3D724B39450004B85AD /* Build configuration list for PBXNativeTarget "PackingTests" */ = {
			isa = XCConfigurationList;
			buildConfigurations = (
				FECAA3D824B39450004B85AD /* Debug */,
				FECAA3D924B39450004B85AD /* Release */,
			);
			defaultConfigurationIsVisible = 0;
			defaultConfigurationName = Release;
		};
		FECAA3DA24B39450004B85AD /* Build configuration list for PBXNativeTarget "PackingUITests" */ = {
			isa = XCConfigurationList;
			buildConfigurations = (
				FECAA3DB24B39450004B85AD /* Debug */,
				FECAA3DC24B39450004B85AD /* Release */,
			);
			defaultConfigurationIsVisible = 0;
			defaultConfigurationName = Release;
		};
/* End XCConfigurationList section */

/* Begin XCVersionGroup section */
		897AB15C24D26E1100B308C9 /* Packing.xcdatamodeld */ = {
			isa = XCVersionGroup;
			children = (
				897AB15D24D26E1100B308C9 /* Packing.xcdatamodel */,
			);
			currentVersion = 897AB15D24D26E1100B308C9 /* Packing.xcdatamodel */;
			path = Packing.xcdatamodeld;
			sourceTree = "<group>";
			versionGroupType = wrapper.xcdatamodel;
		};
/* End XCVersionGroup section */
	};
	rootObject = FECAA39F24B3944C004B85AD /* Project object */;
}
